
Microsoft Visual Studio Solution File, Format Version 12.00
# Visual Studio 2012
Project("{FAE04EC0-301F-11D3-BF4B-00C04F79EFBC}") = "Sitecore.RestSharp", "Sitecore.RestSharp\Sitecore.RestSharp.csproj", "{FC097140-D183-4668-99B9-0EA08B8FC791}"
EndProject
Global
	GlobalSection(SolutionConfigurationPlatforms) = preSolution
		Debug|Any CPU = Debug|Any CPU
		Release|Any CPU = Release|Any CPU
	EndGlobalSection
	GlobalSection(ProjectConfigurationPlatforms) = postSolution
		{FC097140-D183-4668-99B9-0EA08B8FC791}.Debug|Any CPU.ActiveCfg = Debug|Any CPU
		{FC097140-D183-4668-99B9-0EA08B8FC791}.Debug|Any CPU.Build.0 = Debug|Any CPU
		{FC097140-D183-4668-99B9-0EA08B8FC791}.Release|Any CPU.ActiveCfg = Release|Any CPU
		{FC097140-D183-4668-99B9-0EA08B8FC791}.Release|Any CPU.Build.0 = Release|Any CPU
	EndGlobalSection
	GlobalSection(SolutionProperties) = preSolution
		HideSolutionNode = FALSE
	EndGlobalSection
EndGlobal
